
Microsoft Visual Studio Solution File, Format Version 12.00
# Visual Studio Version 16
VisualStudioVersion = 16.0.31313.79
MinimumVisualStudioVersion = 10.0.40219.1
Project("{FAE04EC0-301F-11D3-BF4B-00C04F79EFBC}") = "analysisDigitsNumberExamples", "analysisDigitsNumberExamples\analysisDigitsNumberExamples.csproj", "{372C1D13-0291-4150-88AE-ED1E58F3B5A1}"
EndProject
Project("{FAE04EC0-301F-11D3-BF4B-00C04F79EFBC}") = "remainderDivisionExample", "remainderDivisionExample\remainderDivisionExample.csproj", "{EC080308-267D-4967-A696-1258911470A3}"
EndProject
Project("{FAE04EC0-301F-11D3-BF4B-00C04F79EFBC}") = "divisionExample", "divisionExample\divisionExample.csproj", "{CE5E3754-AF65-4B80-BCFD-3FE842E030FA}"
EndProject
Global
	GlobalSection(SolutionConfigurationPlatforms) = preSolution
		Debug|Any CPU = Debug|Any CPU
		Release|Any CPU = Release|Any CPU
	EndGlobalSection
	GlobalSection(ProjectConfigurationPlatforms) = postSolution
		{372C1D13-0291-4150-88AE-ED1E58F3B5A1}.Debug|Any CPU.ActiveCfg = Debug|Any CPU
		{372C1D13-0291-4150-88AE-ED1E58F3B5A1}.Debug|Any CPU.Build.0 = Debug|Any CPU
		{372C1D13-0291-4150-88AE-ED1E58F3B5A1}.Release|Any CPU.ActiveCfg = Release|Any CPU
		{372C1D13-0291-4150-88AE-ED1E58F3B5A1}.Release|Any CPU.Build.0 = Release|Any CPU
		{EC080308-267D-4967-A696-1258911470A3}.Debug|Any CPU.ActiveCfg = Debug|Any CPU
		{EC080308-267D-4967-A696-1258911470A3}.Debug|Any CPU.Build.0 = Debug|Any CPU
		{EC080308-267D-4967-A696-1258911470A3}.Release|Any CPU.ActiveCfg = Release|Any CPU
		{EC080308-267D-4967-A696-1258911470A3}.Release|Any CPU.Build.0 = Release|Any CPU
		{CE5E3754-AF65-4B80-BCFD-3FE842E030FA}.Debug|Any CPU.ActiveCfg = Debug|Any CPU
		{CE5E3754-AF65-4B80-BCFD-3FE842E030FA}.Debug|Any CPU.Build.0 = Debug|Any CPU
		{CE5E3754-AF65-4B80-BCFD-3FE842E030FA}.Release|Any CPU.ActiveCfg = Release|Any CPU
		{CE5E3754-AF65-4B80-BCFD-3FE842E030FA}.Release|Any CPU.Build.0 = Release|Any CPU
	EndGlobalSection
	GlobalSection(SolutionProperties) = preSolution
		HideSolutionNode = FALSE
	EndGlobalSection
	GlobalSection(ExtensibilityGlobals) = postSolution
		SolutionGuid = {7BC1AF2A-F83E-4A55-A74F-BC0D98042714}
	EndGlobalSection
EndGlobal
